
Microsoft Visual Studio Solution File, Format Version 12.00
# Visual Studio Version 17
VisualStudioVersion = 17.14.36603.0 d17.14
MinimumVisualStudioVersion = 10.0.40219.1
Project("{FAE04EC0-301F-11D3-BF4B-00C04F79EFBC}") = "WebBanSach", "WebBanSach.csproj", "{2C20704A-4B29-48DA-966D-04AAEA6A01CD}"
EndProject
Global
	GlobalSection(SolutionConfigurationPlatforms) = preSolution
		Debug|Any CPU = Debug|Any CPU
		Release|Any CPU = Release|Any CPU
	EndGlobalSection
	GlobalSection(ProjectConfigurationPlatforms) = postSolution
		{2C20704A-4B29-48DA-966D-04AAEA6A01CD}.Debug|Any CPU.ActiveCfg = Debug|Any CPU
		{2C20704A-4B29-48DA-966D-04AAEA6A01CD}.Debug|Any CPU.Build.0 = Debug|Any CPU
		{2C20704A-4B29-48DA-966D-04AAEA6A01CD}.Release|Any CPU.ActiveCfg = Release|Any CPU
		{2C20704A-4B29-48DA-966D-04AAEA6A01CD}.Release|Any CPU.Build.0 = Release|Any CPU
	EndGlobalSection
	GlobalSection(SolutionProperties) = preSolution
		HideSolutionNode = FALSE
	EndGlobalSection
	GlobalSection(ExtensibilityGlobals) = postSolution
		SolutionGuid = {60A1A859-8DE4-4192-8BC9-54C5E08A8B92}
	EndGlobalSection
EndGlobal
